{"SurveyEntry":{"SurveyID":"SV_8doSCOwaH613QQS","SurveyName":"AI usage discovery","SurveyDescription":null,"SurveyOwnerID":"UR_ba5VN0KlIAY0v4i","SurveyBrandID":"bocconi","DivisionID":null,"SurveyLanguage":"EN","SurveyActiveResponseSet":"RS_esKLmWZgvdB9gKa","SurveyStatus":"Inactive","SurveyStartDate":"0000-00-00 00:00:00","SurveyExpirationDate":"0000-00-00 00:00:00","SurveyCreationDate":"2026-03-13 16:04:30","CreatorID":"UR_ba5VN0KlIAY0v4i","LastModified":"2026-03-13 17:24:27","LastAccessed":"0000-00-00 00:00:00","LastActivated":"0000-00-00 00:00:00","Deleted":null},"SurveyElements":[{"SurveyID":"SV_8doSCOwaH613QQS","Element":"BL","PrimaryAttribute":"Survey Blocks","SecondaryAttribute":null,"TertiaryAttribute":null,"Payload":[{"Type":"Default","Description":"Consent","ID":"BL_3WAWZfNjSBdQUlg","BlockElements":[{"Type":"Question","QuestionID":"QID1"}]},{"Type":"Trash","Description":"Trash \/ Unused Questions","ID":"BL_eyXxHgkf1WI8Bgy"},{"Type":"Standard","SubType":"","Description":"Screening - Mar 13, 2026","ID":"BL_6xv55xgiMPRaO4S","BlockElements":[{"Type":"Question","QuestionID":"QID2"},{"Type":"Page Break"},{"Type":"Question","QuestionID":"QID3"},{"Type":"Page Break"},{"Type":"Question","QuestionID":"QID4"},{"Type":"Page Break"},{"Type":"Question","QuestionID":"QID5"},{"Type":"Page Break"}]},{"Type":"Standard","SubType":"","Description":"Usage and Multihoming - Mar 13, 2026","ID":"BL_3ZVq2Zy3Ga7tpoq","BlockElements":[{"Type":"Question","QuestionID":"QID6"},{"Type":"Page Break"},{"Type":"Question","QuestionID":"QID7"},{"Type":"Page Break"},{"Type":"Question","QuestionID":"QID8"},{"Type":"Page Break"}]},{"Type":"Standard","SubType":"","Description":"Memory Awareness and Beliefs - Mar 13, 2026","ID":"BL_bjDUUs0CGJXfjxQ","BlockElements":[{"Type":"Question","QuestionID":"QID9"},{"Type":"Page Break"},{"Type":"Question","QuestionID":"QID10"},{"Type":"Page Break"},{"Type":"Question","QuestionID":"QID11"},{"Type":"Page Break"},{"Type":"Question","QuestionID":"QID12"},{"Type":"Page Break"}]},{"Type":"Standard","SubType":"","Description":"Substitutability and Switching Costs - Mar 13, 2026","ID":"BL_5tLkFthQwEkPy1E","BlockElements":[{"Type":"Question","QuestionID":"QID13"},{"Type":"Page Break"},{"Type":"Question","QuestionID":"QID14"},{"Type":"Page Break"}]},{"Type":"Standard","SubType":"","Description":"Valuation - Mar 13, 2026","ID":"BL_1HS1UgKGUeM6f1c","BlockElements":[{"Type":"Question","QuestionID":"QID15"},{"Type":"Page Break"},{"Type":"Question","QuestionID":"QID16"},{"Type":"Page Break"},{"Type":"Question","QuestionID":"QID17"},{"Type":"Page Break"},{"Type":"Question","QuestionID":"QID18"},{"Type":"Page Break"},{"Type":"Question","QuestionID":"QID19"},{"Type":"Page Break"},{"Type":"Question","QuestionID":"QID20"},{"Type":"Page Break"},{"Type":"Question","QuestionID":"QID21"},{"Type":"Page Break"}]},{"Type":"Standard","SubType":"","Description":"Memory Portability Awareness - Mar 13, 2026","ID":"BL_29vPskC0m3dJCLk","BlockElements":[{"Type":"Question","QuestionID":"QID22"},{"Type":"Page Break"},{"Type":"Question","QuestionID":"QID23"},{"Type":"Page Break"}]},{"Type":"Standard","SubType":"","Description":"Concentration and Ads - Mar 13, 2026","ID":"BL_aY2OeZHa89g8o6y","BlockElements":[{"Type":"Question","QuestionID":"QID24"},{"Type":"Page Break"},{"Type":"Question","QuestionID":"QID25"},{"Type":"Page Break"},{"Type":"Question","QuestionID":"QID26"},{"Type":"Page Break"}]},{"Type":"Standard","SubType":"","Description":"Demographics - Mar 13, 2026","ID":"BL_3mdbwXJCdhrMkoC","BlockElements":[{"Type":"Question","QuestionID":"QID27"},{"Type":"Question","QuestionID":"QID28"},{"Type":"Question","QuestionID":"QID29"},{"Type":"Question","QuestionID":"QID30"},{"Type":"Question","QuestionID":"QID31"}]}]},{"SurveyID":"SV_8doSCOwaH613QQS","Element":"FL","PrimaryAttribute":"Survey Flow","SecondaryAttribute":null,"TertiaryAttribute":null,"Payload":{"Flow":[{"ID":"BL_3WAWZfNjSBdQUlg","Type":"Block","FlowID":"FL_2"},{"ID":"BL_6xv55xgiMPRaO4S","Type":"Standard","FlowID":"FL_3"},{"ID":"BL_3ZVq2Zy3Ga7tpoq","Type":"Standard","FlowID":"FL_4"},{"ID":"BL_bjDUUs0CGJXfjxQ","Type":"Standard","FlowID":"FL_5"},{"ID":"BL_5tLkFthQwEkPy1E","Type":"Standard","FlowID":"FL_6"},{"ID":"BL_1HS1UgKGUeM6f1c","Type":"Standard","FlowID":"FL_7"},{"ID":"BL_29vPskC0m3dJCLk","Type":"Standard","FlowID":"FL_8"},{"ID":"BL_aY2OeZHa89g8o6y","Type":"Standard","FlowID":"FL_9"},{"ID":"BL_3mdbwXJCdhrMkoC","Type":"Standard","FlowID":"FL_10"}],"Properties":{"Count":10},"FlowID":"FL_1","Type":"Root"}},{"SurveyID":"SV_8doSCOwaH613QQS","Element":"PL","PrimaryAttribute":"Preview Link","SecondaryAttribute":null,"TertiaryAttribute":null,"Payload":{"PreviewType":"Brand","PreviewID":"f02fb20e-5619-4cdb-ab35-c9937217d262"}},{"SurveyID":"SV_8doSCOwaH613QQS","Element":"PROJ","PrimaryAttribute":"CORE","SecondaryAttribute":null,"TertiaryAttribute":"1.1.0","Payload":{"ProjectCategory":"CORE","SchemaVersion":"1.1.0"}},{"SurveyID":"SV_8doSCOwaH613QQS","Element":"QC","PrimaryAttribute":"Survey Question Count","SecondaryAttribute":"31","TertiaryAttribute":null,"Payload":null},{"SurveyID":"SV_8doSCOwaH613QQS","Element":"QG","PrimaryAttribute":"QG_aitJinFhTbOGSRm","SecondaryAttribute":"Default Quota Group","TertiaryAttribute":null,"Payload":{"ID":"QG_aitJinFhTbOGSRm","Name":"Default Quota Group","Selected":true,"MultipleMatch":"PlaceInAll","Public":false,"Quotas":[]}},{"SurveyID":"SV_8doSCOwaH613QQS","Element":"QGO","PrimaryAttribute":"QGO_QuotaGroupOrder","SecondaryAttribute":null,"TertiaryAttribute":null,"Payload":["QG_aitJinFhTbOGSRm"]},{"SurveyID":"SV_8doSCOwaH613QQS","Element":"RS","PrimaryAttribute":"RS_esKLmWZgvdB9gKa","SecondaryAttribute":"Default Response Set","TertiaryAttribute":null,"Payload":null},{"SurveyID":"SV_8doSCOwaH613QQS","Element":"SCO","PrimaryAttribute":"Scoring","SecondaryAttribute":null,"TertiaryAttribute":null,"Payload":{"ScoringCategories":[],"ScoringCategoryGroups":[],"ScoringSummaryCategory":null,"ScoringSummaryAfterQuestions":0,"ScoringSummaryAfterSurvey":0,"DefaultScoringCategory":null,"AutoScoringCategory":null}},{"SurveyID":"SV_8doSCOwaH613QQS","Element":"SO","PrimaryAttribute":"Survey Options","SecondaryAttribute":null,"TertiaryAttribute":null,"Payload":{"BackButton":"false","SaveAndContinue":"true","SurveyProtection":"PublicSurvey","BallotBoxStuffingPrevention":"false","NoIndex":"Yes","SecureResponseFiles":"true","SurveyExpiration":"None","SurveyTermination":"DefaultMessage","Header":"","Footer":"","ProgressBarDisplay":"None","PartialData":"+1 week","ValidationMessage":"","PreviousButton":"","NextButton":"","SurveyTitle":"Qualtrics Survey | Qualtrics Experience Management","SkinLibrary":"bocconi","SkinType":"component","Skin":{"brandingId":null,"templateId":"*simple","overrides":null},"NewScoring":1,"SurveyMetaDescription":"The most powerful, simple and trusted way to gather experience data. Start your journey to experience management and try a free account today.","SurveyName":"AI usage discovery"}},{"SurveyID":"SV_8doSCOwaH613QQS","Element":"SQ","PrimaryAttribute":"QID1","SecondaryAttribute":"DESCRIPTION: You are invited to participate in a research study on how people use AI assistants s...","TertiaryAttribute":null,"Payload":{"QuestionText":"<span style=\"font-size:12pt\"><span style=\"font-family:&quot;Times New Roman&quot;,serif\"><b><span style=\"font-size:11.0pt\"><span style=\"font-family:&quot;Tahoma&quot;,sans-serif\"><span style=\"color:black\">DESCRIPTION:<\/span><\/span><\/span><\/b><span style=\"font-size:11.0pt\"><span style=\"font-family:&quot;Tahoma&quot;,sans-serif\"><span style=\"color:black\"> You are invited to participate in a research study on how people use AI assistants such as ChatGPT, Claude, and Google Gemini. You will be asked to complete an online survey about your usage and preferences of AI assistants.<\/span><\/span><\/span><\/span><\/span><br>\n<br>\n<span style=\"font-size:12pt\"><span style=\"font-family:&quot;Times New Roman&quot;,serif\"><b><span style=\"font-size:11.0pt\"><span style=\"font-family:&quot;Tahoma&quot;,sans-serif\"><span style=\"color:black\">TIME INVOLVEMENT:<\/span><\/span><\/span><\/b><span style=\"font-size:11.0pt\"><span style=\"font-family:&quot;Tahoma&quot;,sans-serif\"><span style=\"color:black\"> Your participation will take approximately <i>10 minutes.<\/i><\/span><\/span><\/span><\/span><\/span><br>\n<br>\n<span style=\"font-size:12pt\"><span style=\"font-family:&quot;Times New Roman&quot;,serif\"><b><span style=\"font-size:11.0pt\"><span style=\"font-family:&quot;Tahoma&quot;,sans-serif\"><span style=\"color:black\">RISKS AND BENEFITS:<\/span><\/span><\/span><\/b><span style=\"font-size:11.0pt\"><span style=\"font-family:&quot;Tahoma&quot;,sans-serif\"><span style=\"color:black\"> There are no risks associated with this study.<b> <\/b><\/span><\/span><\/span><span style=\"font-family:&quot;Calibri&quot;,sans-serif\"><span style=\"color:black\">Study data will be stored securely, in compliance with Stanford University standards, minimizing the risk of confidentiality breach. <\/span><\/span><span style=\"font-size:11.0pt\"><span style=\"font-family:&quot;Tahoma&quot;,sans-serif\"><span style=\"color:black\">The benefits which may reasonably be expected to result from this study are a greater understanding of how AI personalization features affect your experience and choices. <b>We cannot and do not guarantee or promise that you will receive any benefits from this study.<\/b> <\/span><\/span><\/span><\/span><\/span><br>\n<br>\n<span style=\"font-size:12pt\"><span style=\"font-family:&quot;Times New Roman&quot;,serif\"><b><span style=\"font-size:11.0pt\"><span style=\"font-family:&quot;Tahoma&quot;,sans-serif\"><span style=\"color:black\">PAYMENTS:<\/span><\/span><\/span><\/b><span style=\"font-size:11.0pt\"><span style=\"font-family:&quot;Tahoma&quot;,sans-serif\"><span style=\"color:black\"> You will be compensated by your survey provider for your participation in this study. <\/span><\/span><\/span><\/span><\/span><br>\n<br>\n<span style=\"font-size:12pt\"><span style=\"tab-stops:217.5pt\"><span style=\"font-family:&quot;Times New Roman&quot;,serif\"><b><span style=\"font-size:11.0pt\"><span style=\"font-family:&quot;Tahoma&quot;,sans-serif\"><span style=\"color:black\">PARTICIPANT\u2019S RIGHTS: <\/span><\/span><\/span><\/b><span style=\"font-size:11.0pt\"><span style=\"font-family:&quot;Tahoma&quot;,sans-serif\"><span style=\"color:black\">If you have read this form and have decided to participate in this project, please understand your <b>participation is voluntary <\/b>and you have the <b>right to withdraw your consent or discontinue participation at any time without penalty or loss of benefits to which you are otherwise entitled<\/b>. <b>The alternative is not to participate.<\/b> You have the right to refuse to answer particular questions. The results of this research study may be presented at scientific or professional meetings or published in scientific journals. Your individual privacy will be maintained in all published and written data resulting from the study. <\/span><\/span><\/span><\/span><\/span><\/span><br>\n<br>\n<span style=\"font-size:12pt\"><span style=\"font-family:&quot;Times New Roman&quot;,serif\"><span style=\"font-size:11.0pt\"><span style=\"font-family:&quot;Arial&quot;,sans-serif\"><span style=\"color:black\">In accordance with scientific norms, the data from this study may be used or shared with other researchers for future research (after removing personally identifying information) without additional consent from you.<\/span><\/span><\/span><\/span><\/span><br>\n<br>\n<br>\n<span style=\"font-size:12pt\"><span style=\"font-family:&quot;Times New Roman&quot;,serif\"><b><span style=\"font-size:11.0pt\"><span style=\"font-family:&quot;Tahoma&quot;,sans-serif\"><span style=\"color:black\">CONTACT INFORMATION: <\/span><\/span><\/span><\/b><\/span><\/span><br>\n<span style=\"font-size:12pt\"><span style=\"font-family:&quot;Times New Roman&quot;,serif\"><b><i><span style=\"font-size:11.0pt\"><span style=\"font-family:&quot;Tahoma&quot;,sans-serif\"><span style=\"color:black\">Questions: <\/span><\/span><\/span><\/i><\/b><span style=\"font-size:11.0pt\"><span style=\"font-family:&quot;Tahoma&quot;,sans-serif\"><span style=\"color:black\">If you have any questions, concerns or complaints about this research, its procedures, risks and benefits, contact the Protocol Director,<b> Professor <i>Samuel Goldberg, <\/i><\/b><\/span><\/span><\/span><b><span style=\"font-size:11.0pt\"><span style=\"font-family:&quot;Arial&quot;,sans-serif\"><span style=\"color:#212121\">sggold@stanford.edu<\/span><\/span><\/span><\/b><b><i><span style=\"font-size:11.0pt\"><span style=\"font-family:&quot;Tahoma&quot;,sans-serif\"><span style=\"color:black\">.<\/span><\/span><\/span><\/i><\/b><\/span><\/span><br>\n<br>\n<span style=\"font-size:12pt\"><span style=\"font-family:&quot;Times New Roman&quot;,serif\"><b><i><span style=\"font-size:11.0pt\"><span style=\"font-family:&quot;Tahoma&quot;,sans-serif\"><span style=\"color:black\">Independent Contact:<\/span><\/span><\/span><\/i><\/b><b> <\/b><span style=\"font-size:11.0pt\"><span style=\"font-family:&quot;Tahoma&quot;,sans-serif\"><span style=\"color:black\">If you are not satisfied with how this study is being conducted<\/span><\/span><\/span><span style=\"font-size:11.0pt\"><span style=\"font-family:&quot;Tahoma&quot;,sans-serif\">, or if you have any concerns, complaints, or general questions about the research or your rights as a participant, please contact the Stanford Institutional Review Board (IRB) to speak to someone independent of the research team at 650-723-2480 or toll free at 1-866-680-2906, or email at <\/span><\/span><a href=\"mailto:irbnonmed@stanford.edu\" style=\"color:blue; text-decoration:underline\"><span style=\"font-size:11.0pt\"><span style=\"font-family:&quot;Tahoma&quot;,sans-serif\">irbnonmed@stanford.edu<\/span><\/span><\/a><span style=\"font-size:11.0pt\"><span style=\"font-family:&quot;Tahoma&quot;,sans-serif\">. You can also write to the Stanford IRB, Stanford University, 1705 El Camino Real, Palo Alto, CA 94306.<\/span><\/span><\/span><\/span><br>\n<br>\n<span style=\"font-size:12pt\"><span style=\"font-family:&quot;Times New Roman&quot;,serif\"><b><span style=\"font-size:11.0pt\"><span style=\"font-family:&quot;Tahoma&quot;,sans-serif\">Please save or print a copy of this form for you records.<\/span><\/span><\/b><\/span><\/span><br>\n<br>\n<span style=\"font-size:12pt\"><span style=\"font-family:&quot;Times New Roman&quot;,serif\"><b><span style=\"font-size:11.0pt\"><span style=\"font-family:&quot;Tahoma&quot;,sans-serif\">If you agree to participate in this research, please check the appropriate box below and complete the following survey.<\/span><\/span><\/b><\/span><\/span>","DataExportTag":"consent","QuestionType":"MC","Selector":"SAVR","SubSelector":"TX","DataVisibility":{"Private":false,"Hidden":false},"Configuration":{"QuestionDescriptionOption":"UseText"},"QuestionDescription":"DESCRIPTION: You are invited to participate in a research study on how people use AI assistants s...","Choices":{"1":{"Display":"Yes, I consent"},"2":{"Display":"No, I do not consent"}},"ChoiceOrder":[1,2],"Validation":{"Settings":{"ForceResponse":"ON","ForceResponseType":"ON","Type":"None"}},"Language":[],"NextChoiceId":3,"NextAnswerId":1,"QuestionID":"QID1"}},{"SurveyID":"SV_8doSCOwaH613QQS","Element":"SQ","PrimaryAttribute":"QID10","SecondaryAttribute":"In your own words, what do you think your AI assistant remembers about you?","TertiaryAttribute":null,"Payload":{"QuestionText":"In your own words, what do you think your AI assistant remembers about you?\n\n\n","DataExportTag":"memory_beliefs_openended","QuestionID":"QID10","QuestionType":"TE","Selector":"ESTB","QuestionDescription":"In your own words, what do you think your AI assistant remembers about you?","Validation":{"Settings":{"ForceResponse":"ON","ForceResponseType":"ON","Type":"None"}},"Language":[],"SearchSource":{"AllowFreeResponse":"false"},"DataVisibility":{"Private":false,"Hidden":false},"Configuration":{"QuestionDescriptionOption":"UseText"},"DisplayLogic":{"0":{"0":{"ChoiceLocator":"q:\/\/QID9\/SelectableChoice\/1","Description":"<span class=\"ConjDesc\">If<\/span> <span class=\"QuestionDesc\">Does your primary AI assistant \"remember\" things about you from previous conversations?<\/span> <span class=\"LeftOpDesc\">Yes<\/span> <span class=\"OpDesc\">Is Selected<\/span> ","LeftOperand":"q:\/\/QID9\/SelectableChoice\/1","LogicType":"Question","Operator":"Selected","QuestionID":"QID9","QuestionIDFromLocator":"QID9","QuestionIsInLoop":"no","Type":"Expression"},"1":{"ChoiceLocator":"q:\/\/QID9\/SelectableChoice\/3","Conjuction":"Or","Description":"<span class=\"ConjDesc\">Or<\/span> <span class=\"QuestionDesc\">Does your primary AI assistant \"remember\" things about you from previous conversations?<\/span> <span class=\"LeftOpDesc\">I'm not sure<\/span> <span class=\"OpDesc\">Is Selected<\/span> ","LeftOperand":"q:\/\/QID9\/SelectableChoice\/3","LogicType":"Question","Operator":"Selected","QuestionID":"QID9","QuestionIDFromLocator":"QID9","QuestionIsInLoop":"no","Type":"Expression"},"Type":"If"},"Type":"BooleanExpression","inPage":false},"NextChoiceId":1,"NextAnswerId":1}},{"SurveyID":"SV_8doSCOwaH613QQS","Element":"SQ","PrimaryAttribute":"QID11","SecondaryAttribute":"Have you ever reviewed, edited, or deleted your AI assistant's memories or saved information?","TertiaryAttribute":null,"Payload":{"QuestionText":"Have you ever reviewed, edited, or deleted your AI assistant's memories or saved information?\n","DataExportTag":"reviewed_memories","QuestionID":"QID11","QuestionType":"MC","Selector":"SAVR","SubSelector":"TX","QuestionDescription":"Have you ever reviewed, edited, or deleted your AI assistant's memories or saved information?","Choices":{"1":{"Display":"Yes"},"2":{"Display":"No"},"3":{"Display":"I didn't know I could"}},"ChoiceOrder":["1","2","3"],"Validation":{"Settings":{"ForceResponse":"ON","ForceResponseType":"ON","Type":"None"}},"Language":[],"DataVisibility":{"Private":false,"Hidden":false},"Configuration":{"QuestionDescriptionOption":"UseText"},"NextChoiceId":4,"NextAnswerId":1}},{"SurveyID":"SV_8doSCOwaH613QQS","Element":"SQ","PrimaryAttribute":"QID12","SecondaryAttribute":"How much do you think your AI assistant's responses improve because it remembers information abou...","TertiaryAttribute":null,"Payload":{"QuestionText":"How much do you think your AI assistant's responses improve because it remembers information about you?\n","DataExportTag":"perceived_improvement_from_memory","QuestionID":"QID12","QuestionType":"MC","Selector":"SAHR","SubSelector":"TX","QuestionDescription":"How much do you think your AI assistant's responses improve because it remembers information abou...","Choices":{"1":{"Display":"1 - Not at all"},"2":{"Display":"2"},"3":{"Display":"3"},"4":{"Display":"4"},"5":{"Display":"5"},"6":{"Display":"6"},"7":{"Display":"7 - Dramatically improved"}},"ChoiceOrder":["1","2","3","4","5","6","7"],"Validation":{"Settings":{"ForceResponse":"ON","ForceResponseType":"ON","Type":"None"}},"RecodeValues":{"1":"1","2":"2","3":"3","4":"4","5":"5","6":"6","7":"7"},"Language":[],"DataVisibility":{"Private":false,"Hidden":false},"Configuration":{"QuestionDescriptionOption":"UseText","LabelPosition":"BELOW"},"NextChoiceId":8,"NextAnswerId":1}},{"SurveyID":"SV_8doSCOwaH613QQS","Element":"SQ","PrimaryAttribute":"QID13","SecondaryAttribute":"What would you lose if you switched to a different AI assistant? (Check all that apply)","TertiaryAttribute":null,"Payload":{"QuestionText":"What would you lose if you switched to a different AI assistant? (Check all that apply)\n","DataExportTag":"switching_losses","QuestionID":"QID13","QuestionType":"MC","Selector":"MAVR","SubSelector":"TX","QuestionDescription":"What would you lose if you switched to a different AI assistant? (Check all that apply)","Choices":{"1":{"Display":"It wouldn't know my preferences or style"},"2":{"Display":"I'd lose my conversation history"},"3":{"Display":"I'd have to re-explain my ongoing projects and context"},"4":{"Display":"The alternative is just lower quality, regardless of personalization"},"5":{"Display":"I'd have to learn a new interface"},"6":{"Display":"I'd lose integration with other tools I use"},"7":{"Display":"Nothing significant"}},"ChoiceOrder":["1","2","3","4","5","6","7"],"Validation":{"Settings":{"ForceResponse":"ON","ForceResponseType":"ON","Type":"None"}},"Language":[],"DataVisibility":{"Private":false,"Hidden":false},"Configuration":{"QuestionDescriptionOption":"UseText"},"NextChoiceId":8,"NextAnswerId":1}},{"SurveyID":"SV_8doSCOwaH613QQS","Element":"SQ","PrimaryAttribute":"QID14","SecondaryAttribute":"If you began using a new AI assistant today, about how many conversations would it take before it...","TertiaryAttribute":null,"Payload":{"QuestionText":"If you began using a new AI assistant today, about how many conversations would it take before it felt as personalized as your current assistant?\n","DataExportTag":"conversations_to_personalize","QuestionID":"QID14","QuestionType":"MC","Selector":"SAVR","SubSelector":"TX","QuestionDescription":"If you began using a new AI assistant today, about how many conversations would it take before it...","Choices":{"1":{"Display":"1-5"},"2":{"Display":"6-20"},"3":{"Display":"21-50"},"4":{"Display":"50+"},"5":{"Display":"It would never fully catch up"}},"ChoiceOrder":["1","2","3","4","5"],"Validation":{"Settings":{"ForceResponse":"ON","ForceResponseType":"ON","Type":"None"}},"Language":[],"DataVisibility":{"Private":false,"Hidden":false},"Configuration":{"QuestionDescriptionOption":"UseText"},"NextChoiceId":6,"NextAnswerId":1}},{"SurveyID":"SV_8doSCOwaH613QQS","Element":"SQ","PrimaryAttribute":"QID15","SecondaryAttribute":"The next several questions ask you to consider hypothetical scenarios about your AI assistant. Pl...","TertiaryAttribute":null,"Payload":{"QuestionText":"The next several questions ask you to consider hypothetical scenarios about your AI assistant. Please answer as honestly as you can about what you would actually do in each situation.\n\n\n","DataExportTag":"valuation_intro","QuestionID":"QID15","QuestionType":"DB","Selector":"TB","QuestionDescription":"The next several questions ask you to consider hypothetical scenarios about your AI assistant. Pl...","Validation":{"Settings":{"Type":"None"}},"Language":[]}},{"SurveyID":"SV_8doSCOwaH613QQS","Element":"SQ","PrimaryAttribute":"QID16","SecondaryAttribute":"Suppose you were offered a one-time payment to permanently erase all of your AI assistant's memor...","TertiaryAttribute":null,"Payload":{"QuestionText":"Suppose you were offered a one-time payment to permanently erase all of your AI assistant's memory and personalization data about you. Afterward, it would treat you like a brand-new user. What is the minimum payment you would accept?\n","DataExportTag":"wta_memory_erasure","QuestionID":"QID16","QuestionType":"MC","Selector":"SAVR","SubSelector":"TX","QuestionDescription":"Suppose you were offered a one-time payment to permanently erase all of your AI assistant's memor...","Choices":{"1":{"Display":"$0"},"2":{"Display":"$5"},"3":{"Display":"$10"},"4":{"Display":"$25"},"5":{"Display":"$50"},"6":{"Display":"$100"},"7":{"Display":"$200"},"8":{"Display":"$500"},"9":{"Display":"$1,000"},"10":{"Display":"No amount would be enough"}},"ChoiceOrder":["1","2","3","4","5","6","7","8","9","10"],"Validation":{"Settings":{"ForceResponse":"ON","ForceResponseType":"ON","Type":"None"}},"Language":[],"DataVisibility":{"Private":false,"Hidden":false},"Configuration":{"QuestionDescriptionOption":"UseText"},"NextChoiceId":11,"NextAnswerId":1}},{"SurveyID":"SV_8doSCOwaH613QQS","Element":"SQ","PrimaryAttribute":"QID17","SecondaryAttribute":"Suppose you could subscribe to Claude Pro, a competing AI assistant, and use it alongside your cu...","TertiaryAttribute":null,"Payload":{"QuestionText":"Suppose you could subscribe to Claude Pro, a competing AI assistant, and use it alongside your current AI assistant. What is the most you would be willing to pay per month for that subscription?\n","DataExportTag":"wtp_claude_no_strings","QuestionID":"QID17","QuestionType":"MC","Selector":"SAVR","SubSelector":"TX","QuestionDescription":"Suppose you could subscribe to Claude Pro, a competing AI assistant, and use it alongside your cu...","Choices":{"1":{"Display":"$0"},"2":{"Display":"$5"},"3":{"Display":"$10"},"4":{"Display":"$15"},"5":{"Display":"$20"},"6":{"Display":"$30"},"7":{"Display":"$50"},"8":{"Display":"More than $50"}},"ChoiceOrder":["1","2","3","4","5","6","7","8"],"Validation":{"Settings":{"ForceResponse":"ON","ForceResponseType":"ON","Type":"None"}},"Language":[],"DataVisibility":{"Private":false,"Hidden":false},"Configuration":{"QuestionDescriptionOption":"UseText"},"NextChoiceId":9,"NextAnswerId":1}},{"SurveyID":"SV_8doSCOwaH613QQS","Element":"SQ","PrimaryAttribute":"QID18","SecondaryAttribute":"Now suppose that subscribing to Claude Pro would require permanently erasing your current AI assi...","TertiaryAttribute":null,"Payload":{"QuestionText":"Now suppose that subscribing to Claude Pro would require permanently erasing your current AI assistant's memory and personalization data about you. Afterward, it would treat you like a brand-new user. What is the most you would be willing to pay per month for Claude Pro?\n","DataExportTag":"wtp_claude_with_erasure","QuestionID":"QID18","QuestionType":"MC","Selector":"SAVR","SubSelector":"TX","QuestionDescription":"Now suppose that subscribing to Claude Pro would require permanently erasing your current AI assi...","Choices":{"1":{"Display":"$0"},"2":{"Display":"$5"},"3":{"Display":"$10"},"4":{"Display":"$15"},"5":{"Display":"$20"},"6":{"Display":"$30"},"7":{"Display":"$50"},"8":{"Display":"More than $50"}},"ChoiceOrder":["1","2","3","4","5","6","7","8"],"Validation":{"Settings":{"ForceResponse":"ON","ForceResponseType":"ON","Type":"None"}},"Language":[],"DataVisibility":{"Private":false,"Hidden":false},"Configuration":{"QuestionDescriptionOption":"UseText"},"NextChoiceId":9,"NextAnswerId":1}},{"SurveyID":"SV_8doSCOwaH613QQS","Element":"SQ","PrimaryAttribute":"QID19","SecondaryAttribute":"Now suppose that before erasing your current AI assistant's memory, you could transfer all of tha...","TertiaryAttribute":null,"Payload":{"QuestionText":"Now suppose that before erasing your current AI assistant's memory, you could transfer all of that memory and personalization data to Claude. Claude would start with the same personalization as your current AI assistant. What is the most you would be willing to pay per month for Claude Pro?\n","DataExportTag":"wtp_claude_with_transfer","QuestionID":"QID19","QuestionType":"MC","Selector":"SAVR","SubSelector":"TX","QuestionDescription":"Now suppose that before erasing your current AI assistant's memory, you could transfer all of tha...","Choices":{"1":{"Display":"$0"},"2":{"Display":"$5"},"3":{"Display":"$10"},"4":{"Display":"$15"},"5":{"Display":"$20"},"6":{"Display":"$30"},"7":{"Display":"$50"},"8":{"Display":"More than $50"}},"ChoiceOrder":["1","2","3","4","5","6","7","8"],"Validation":{"Settings":{"ForceResponse":"ON","ForceResponseType":"ON","Type":"None"}},"Language":[],"DataVisibility":{"Private":false,"Hidden":false},"Configuration":{"QuestionDescriptionOption":"UseText"},"NextChoiceId":9,"NextAnswerId":1}},{"SurveyID":"SV_8doSCOwaH613QQS","Element":"SQ","PrimaryAttribute":"QID2","SecondaryAttribute":"In the past 30 days, which of the following AI assistants have you used for personal (non-work) p...","TertiaryAttribute":null,"Payload":{"QuestionText":"In the past 30 days, which of the following AI assistants have you used for personal (non-work) purposes? (Check all that apply)\n","DataExportTag":"ai_used_personal","QuestionID":"QID2","QuestionType":"MC","Selector":"MAVR","SubSelector":"TX","QuestionDescription":"In the past 30 days, which of the following AI assistants have you used for personal (non-work) p...","Choices":{"1":{"Display":"ChatGPT (OpenAI)"},"2":{"Display":"Google Gemini"},"3":{"Display":"Grok (xAI)"},"4":{"Display":"Microsoft Copilot"},"5":{"Display":"Claude (Anthropic)"},"6":{"Display":"Perplexity"},"7":{"Display":"DeepSeek"},"8":{"Display":"Meta AI (Facebook \/ Instagram \/ WhatsApp)"},"9":{"Display":"Character.AI"},"10":{"Display":"Other (please specify)","TextEntry":"true"},"11":{"Display":"None"}},"ChoiceOrder":["1","2","3","4","5","6","7","8","9","10","11"],"Validation":{"Settings":{"ForceResponse":"ON","ForceResponseType":"ON","Type":"None"}},"Language":[],"DataVisibility":{"Private":false,"Hidden":false},"Configuration":{"QuestionDescriptionOption":"UseText"},"NextChoiceId":12,"NextAnswerId":1}},{"SurveyID":"SV_8doSCOwaH613QQS","Element":"SQ","PrimaryAttribute":"QID20","SecondaryAttribute":"Suppose your AI assistant's memory and personalization data were erased today. After one month of...","TertiaryAttribute":null,"Payload":{"QuestionText":"Suppose your AI assistant's memory and personalization data were erased today. After one month of regular use, how do you think your experience would compare to your experience today?\n","DataExportTag":"forecast_quality_loss","QuestionID":"QID20","QuestionType":"MC","Selector":"SAHR","SubSelector":"TX","QuestionDescription":"Suppose your AI assistant's memory and personalization data were erased today. After one month of...","Choices":{"1":{"Display":"1 - Substantially worse"},"2":{"Display":"2"},"3":{"Display":"3"},"4":{"Display":"4"},"5":{"Display":"5"},"6":{"Display":"6"},"7":{"Display":"7 - Substantially better"}},"ChoiceOrder":["1","2","3","4","5","6","7"],"Validation":{"Settings":{"ForceResponse":"ON","ForceResponseType":"ON","Type":"None"}},"RecodeValues":{"1":"1","2":"2","3":"3","4":"4","5":"5","6":"6","7":"7"},"Language":[],"DataVisibility":{"Private":false,"Hidden":false},"Configuration":{"QuestionDescriptionOption":"UseText","LabelPosition":"BELOW"},"NextChoiceId":8,"NextAnswerId":1}},{"SurveyID":"SV_8doSCOwaH613QQS","Element":"SQ","PrimaryAttribute":"QID21","SecondaryAttribute":"If your personalization data were transferred to a new AI assistant, what percentage of the benef...","TertiaryAttribute":null,"Payload":{"QuestionText":"If your personalization data were transferred to a new AI assistant, what percentage of the benefits of personalization do you think would carry over?\n","DataExportTag":"forecast_transfer_fidelity","QuestionID":"QID21","QuestionType":"MC","Selector":"SAVR","SubSelector":"TX","QuestionDescription":"If your personalization data were transferred to a new AI assistant, what percentage of the benef...","Choices":{"1":{"Display":"0%"},"2":{"Display":"25%"},"3":{"Display":"50%"},"4":{"Display":"75%"},"5":{"Display":"100%"}},"ChoiceOrder":["1","2","3","4","5"],"Validation":{"Settings":{"ForceResponse":"ON","ForceResponseType":"ON","Type":"None"}},"Language":[],"DataVisibility":{"Private":false,"Hidden":false},"Configuration":{"QuestionDescriptionOption":"UseText"},"NextChoiceId":6,"NextAnswerId":1}},{"SurveyID":"SV_8doSCOwaH613QQS","Element":"SQ","PrimaryAttribute":"QID22","SecondaryAttribute":"Before today, were you aware that Claude offers a feature to import memory from ChatGPT?","TertiaryAttribute":null,"Payload":{"QuestionText":"Before today, were you aware that Claude offers a feature to import memory from ChatGPT?\n","DataExportTag":"aware_claude_import","QuestionID":"QID22","QuestionType":"MC","Selector":"SAVR","SubSelector":"TX","QuestionDescription":"Before today, were you aware that Claude offers a feature to import memory from ChatGPT?","Choices":{"1":{"Display":"Yes"},"2":{"Display":"No"}},"ChoiceOrder":["1","2"],"Validation":{"Settings":{"ForceResponse":"ON","ForceResponseType":"ON","Type":"None"}},"Language":[],"DataVisibility":{"Private":false,"Hidden":false},"Configuration":{"QuestionDescriptionOption":"UseText"},"NextChoiceId":3,"NextAnswerId":1}},{"SurveyID":"SV_8doSCOwaH613QQS","Element":"SQ","PrimaryAttribute":"QID23","SecondaryAttribute":"Have you used Claude's feature to import memory from ChatGPT?","TertiaryAttribute":null,"Payload":{"QuestionText":"Have you used Claude's feature to import memory from ChatGPT?\n","DataExportTag":"used_claude_import","QuestionID":"QID23","QuestionType":"MC","Selector":"SAVR","SubSelector":"TX","QuestionDescription":"Have you used Claude's feature to import memory from ChatGPT?","Choices":{"1":{"Display":"Yes"},"2":{"Display":"No"}},"ChoiceOrder":["1","2"],"Validation":{"Settings":{"ForceResponse":"ON","ForceResponseType":"ON","Type":"None"}},"Language":[],"DataVisibility":{"Private":false,"Hidden":false},"Configuration":{"QuestionDescriptionOption":"UseText"},"DisplayLogic":{"0":{"0":{"ChoiceLocator":"q:\/\/QID22\/SelectableChoice\/1","Description":"<span class=\"ConjDesc\">If<\/span> <span class=\"QuestionDesc\">Before today, were you aware that Claude offers a feature to import memory from ChatGPT?<\/span> <span class=\"LeftOpDesc\">Yes<\/span> <span class=\"OpDesc\">Is Selected<\/span> ","LeftOperand":"q:\/\/QID22\/SelectableChoice\/1","LogicType":"Question","Operator":"Selected","QuestionID":"QID22","QuestionIDFromLocator":"QID22","QuestionIsInLoop":"no","Type":"Expression"},"Type":"If"},"Type":"BooleanExpression","inPage":false},"NextChoiceId":3,"NextAnswerId":1}},{"SurveyID":"SV_8doSCOwaH613QQS","Element":"SQ","PrimaryAttribute":"QID24","SecondaryAttribute":"If you split your AI usage equally between two assistants instead of using just one, how do you t...","TertiaryAttribute":null,"Payload":{"QuestionText":"If you split your AI usage equally between two assistants instead of using just one, how do you think this would affect the quality of personalization you receive from each?\n","DataExportTag":"memory_concentration_effect","QuestionID":"QID24","QuestionType":"MC","Selector":"SAVR","SubSelector":"TX","QuestionDescription":"If you split your AI usage equally between two assistants instead of using just one, how do you t...","Choices":{"1":{"Display":"Each would be much less personalized than if I used only one"},"2":{"Display":"Each would be somewhat less personalized"},"3":{"Display":"It wouldn't make much difference"},"4":{"Display":"Each might actually be better, since they'd specialize in different tasks"}},"ChoiceOrder":["1","2","3","4"],"Validation":{"Settings":{"ForceResponse":"ON","ForceResponseType":"ON","Type":"None"}},"Language":[],"DataVisibility":{"Private":false,"Hidden":false},"Configuration":{"QuestionDescriptionOption":"UseText"},"NextChoiceId":5,"NextAnswerId":1}},{"SurveyID":"SV_8doSCOwaH613QQS","Element":"SQ","PrimaryAttribute":"QID25","SecondaryAttribute":"Suppose the free tier of the AI assistant you use most began showing occasional ads or sponsored...","TertiaryAttribute":null,"Payload":{"QuestionText":"Suppose the free tier of the AI assistant you use most began showing occasional ads or sponsored recommendations in its responses. What is the most you would pay per month for an ad-free version?\n","DataExportTag":"wtp_adfree","QuestionID":"QID25","QuestionType":"MC","Selector":"SAVR","SubSelector":"TX","QuestionDescription":"Suppose the free tier of the AI assistant you use most began showing occasional ads or sponsored...","Choices":{"1":{"Display":"$0 - I'd rather see ads than pay"},"2":{"Display":"$5\/month"},"3":{"Display":"$10\/month"},"4":{"Display":"$15\/month"},"5":{"Display":"$20\/month"},"6":{"Display":"More than $20\/month"}},"ChoiceOrder":["1","2","3","4","5","6"],"Validation":{"Settings":{"ForceResponse":"ON","ForceResponseType":"ON","Type":"None"}},"Language":[],"DataVisibility":{"Private":false,"Hidden":false},"Configuration":{"QuestionDescriptionOption":"UseText"},"NextChoiceId":7,"NextAnswerId":1}},{"SurveyID":"SV_8doSCOwaH613QQS","Element":"SQ","PrimaryAttribute":"QID26","SecondaryAttribute":"To what extent would you enjoy or dislike seeing ads in an AI assistant's responses?","TertiaryAttribute":null,"Payload":{"QuestionText":"To what extent would you enjoy or dislike seeing ads in an AI assistant's responses?\n","DataExportTag":"ad_sentiment","QuestionID":"QID26","QuestionType":"MC","Selector":"SAHR","SubSelector":"TX","QuestionDescription":"To what extent would you enjoy or dislike seeing ads in an AI assistant's responses?","Choices":{"1":{"Display":"1 - Strongly dislike"},"2":{"Display":"2"},"3":{"Display":"3"},"4":{"Display":"4 - Neutral"},"5":{"Display":"5"},"6":{"Display":"6"},"7":{"Display":"7 - Strongly enjoy"}},"ChoiceOrder":["1","2","3","4","5","6","7"],"Validation":{"Settings":{"ForceResponse":"ON","ForceResponseType":"ON","Type":"None"}},"RecodeValues":{"1":"1","2":"2","3":"3","4":"4","5":"5","6":"6","7":"7"},"Language":[],"DataVisibility":{"Private":false,"Hidden":false},"Configuration":{"QuestionDescriptionOption":"UseText","LabelPosition":"BELOW"},"NextChoiceId":8,"NextAnswerId":1}},{"SurveyID":"SV_8doSCOwaH613QQS","Element":"SQ","PrimaryAttribute":"QID27","SecondaryAttribute":"Age","TertiaryAttribute":null,"Payload":{"QuestionText":"Age\n","DataExportTag":"age_group","QuestionID":"QID27","QuestionType":"MC","Selector":"SAVR","SubSelector":"TX","QuestionDescription":"Age","Choices":{"1":{"Display":"18-24"},"2":{"Display":"25-34"},"3":{"Display":"35-44"},"4":{"Display":"45-54"},"5":{"Display":"55-64"},"6":{"Display":"65+"}},"ChoiceOrder":["1","2","3","4","5","6"],"Validation":{"Settings":{"ForceResponse":"ON","ForceResponseType":"ON","Type":"None"}},"Language":[],"DataVisibility":{"Private":false,"Hidden":false},"Configuration":{"QuestionDescriptionOption":"UseText"},"NextChoiceId":7,"NextAnswerId":1}},{"SurveyID":"SV_8doSCOwaH613QQS","Element":"SQ","PrimaryAttribute":"QID28","SecondaryAttribute":"Gender","TertiaryAttribute":null,"Payload":{"QuestionText":"Gender\n","DataExportTag":"gender","QuestionID":"QID28","QuestionType":"MC","Selector":"SAVR","SubSelector":"TX","QuestionDescription":"Gender","Choices":{"1":{"Display":"Man"},"2":{"Display":"Woman"},"3":{"Display":"Non-binary"},"4":{"Display":"Prefer not to say"}},"ChoiceOrder":["1","2","3","4"],"Validation":{"Settings":{"ForceResponse":"ON","ForceResponseType":"ON","Type":"None"}},"Language":[],"DataVisibility":{"Private":false,"Hidden":false},"Configuration":{"QuestionDescriptionOption":"UseText"},"NextChoiceId":5,"NextAnswerId":1}},{"SurveyID":"SV_8doSCOwaH613QQS","Element":"SQ","PrimaryAttribute":"QID29","SecondaryAttribute":"Highest level of education completed","TertiaryAttribute":null,"Payload":{"QuestionText":"Highest level of education completed\n","DataExportTag":"education","QuestionID":"QID29","QuestionType":"MC","Selector":"SAVR","SubSelector":"TX","QuestionDescription":"Highest level of education completed","Choices":{"1":{"Display":"High school or less"},"2":{"Display":"Some college"},"3":{"Display":"Bachelor's degree"},"4":{"Display":"Master's degree"},"5":{"Display":"Doctoral or professional degree"}},"ChoiceOrder":["1","2","3","4","5"],"Validation":{"Settings":{"ForceResponse":"ON","ForceResponseType":"ON","Type":"None"}},"Language":[],"DataVisibility":{"Private":false,"Hidden":false},"Configuration":{"QuestionDescriptionOption":"UseText"},"NextChoiceId":6,"NextAnswerId":1}},{"SurveyID":"SV_8doSCOwaH613QQS","Element":"SQ","PrimaryAttribute":"QID3","SecondaryAttribute":"In the past 30 days, which of the following AI assistants have you used for work purposes? (Check...","TertiaryAttribute":null,"Payload":{"QuestionText":"In the past 30 days, which of the following AI assistants have you used for work purposes? (Check all that apply)\n","DataExportTag":"ai_used_work","QuestionID":"QID3","QuestionType":"MC","Selector":"MAVR","SubSelector":"TX","QuestionDescription":"In the past 30 days, which of the following AI assistants have you used for work purposes? (Check...","Choices":{"1":{"Display":"ChatGPT (OpenAI)"},"2":{"Display":"Google Gemini"},"3":{"Display":"Grok (xAI)"},"4":{"Display":"Microsoft Copilot"},"5":{"Display":"Claude (Anthropic)"},"6":{"Display":"Perplexity"},"7":{"Display":"DeepSeek"},"8":{"Display":"Meta AI (Facebook \/ Instagram \/ WhatsApp)"},"9":{"Display":"Character.AI"},"10":{"Display":"Other (please specify)","TextEntry":"true"},"11":{"Display":"None"}},"ChoiceOrder":["1","2","3","4","5","6","7","8","9","10","11"],"Validation":{"Settings":{"ForceResponse":"ON","ForceResponseType":"ON","Type":"None"}},"Language":[],"DataVisibility":{"Private":false,"Hidden":false},"Configuration":{"QuestionDescriptionOption":"UseText"},"NextChoiceId":12,"NextAnswerId":1}},{"SurveyID":"SV_8doSCOwaH613QQS","Element":"SQ","PrimaryAttribute":"QID30","SecondaryAttribute":"Current occupation","TertiaryAttribute":null,"Payload":{"QuestionText":"Current occupation\n","DataExportTag":"occupation","QuestionID":"QID30","QuestionType":"MC","Selector":"SAVR","SubSelector":"TX","QuestionDescription":"Current occupation","Choices":{"1":{"Display":"Student"},"2":{"Display":"Software & IT"},"3":{"Display":"Research & Academic"},"4":{"Display":"Marketing & Sales"},"5":{"Display":"Finance"},"6":{"Display":"Healthcare"},"7":{"Display":"Education"},"8":{"Display":"Management & Executive"},"9":{"Display":"Creative & Design"},"10":{"Display":"Other (please specify)","TextEntry":"true"}},"ChoiceOrder":["1","2","3","4","5","6","7","8","9","10"],"Validation":{"Settings":{"ForceResponse":"ON","ForceResponseType":"ON","Type":"None"}},"Language":[],"DataVisibility":{"Private":false,"Hidden":false},"Configuration":{"QuestionDescriptionOption":"UseText"},"NextChoiceId":11,"NextAnswerId":1}},{"SurveyID":"SV_8doSCOwaH613QQS","Element":"SQ","PrimaryAttribute":"QID31","SecondaryAttribute":"Industry","TertiaryAttribute":null,"Payload":{"QuestionText":"Industry\n","DataExportTag":"industry","QuestionID":"QID31","QuestionType":"MC","Selector":"SAVR","SubSelector":"TX","QuestionDescription":"Industry","Choices":{"1":{"Display":"Technology"},"2":{"Display":"Finance & Insurance"},"3":{"Display":"Healthcare"},"4":{"Display":"Education"},"5":{"Display":"Government"},"6":{"Display":"Retail & E-commerce"},"7":{"Display":"Manufacturing"},"8":{"Display":"Media & Entertainment"},"9":{"Display":"Other (please specify)","TextEntry":"true"}},"ChoiceOrder":["1","2","3","4","5","6","7","8","9"],"Validation":{"Settings":{"ForceResponse":"ON","ForceResponseType":"ON","Type":"None"}},"Language":[],"DataVisibility":{"Private":false,"Hidden":false},"Configuration":{"QuestionDescriptionOption":"UseText"},"NextChoiceId":10,"NextAnswerId":1}},{"SurveyID":"SV_8doSCOwaH613QQS","Element":"SQ","PrimaryAttribute":"QID4","SecondaryAttribute":"Which of the following AI assistants do you currently pay for out of pocket? (Check all that apply)","TertiaryAttribute":null,"Payload":{"QuestionText":"Which of the following AI assistants do you currently pay for out of pocket? (Check all that apply)\n","DataExportTag":"ai_paid_subscriptions","QuestionID":"QID4","QuestionType":"MC","Selector":"MAVR","SubSelector":"TX","QuestionDescription":"Which of the following AI assistants do you currently pay for out of pocket? (Check all that apply)","Choices":{"1":{"Display":"ChatGPT Plus or Pro"},"2":{"Display":"Claude Pro"},"3":{"Display":"Google Gemini Advanced \/ Google One AI Premium"},"4":{"Display":"Grok Premium (X Premium+)"},"5":{"Display":"Perplexity Pro"},"6":{"Display":"Microsoft Copilot Pro"},"7":{"Display":"Other (please specify)"},"8":{"Display":"None"}},"ChoiceOrder":["1","2","3","4","5","6","7","8"],"Validation":{"Settings":{"ForceResponse":"ON","ForceResponseType":"ON","Type":"None"}},"Language":[],"DataVisibility":{"Private":false,"Hidden":false},"Configuration":{"QuestionDescriptionOption":"UseText"},"NextChoiceId":9,"NextAnswerId":1}},{"SurveyID":"SV_8doSCOwaH613QQS","Element":"SQ","PrimaryAttribute":"QID5","SecondaryAttribute":"How often do you use AI assistants for personal use?","TertiaryAttribute":null,"Payload":{"QuestionText":"How often do you use AI assistants for personal use?\n","DataExportTag":"ai_frequency_personal","QuestionID":"QID5","QuestionType":"MC","Selector":"SAVR","SubSelector":"TX","QuestionDescription":"How often do you use AI assistants for personal use?","Choices":{"1":{"Display":"Daily"},"2":{"Display":"Several times a week"},"3":{"Display":"Weekly"},"4":{"Display":"Less than weekly"}},"ChoiceOrder":["1","2","3","4"],"Validation":{"Settings":{"ForceResponse":"ON","ForceResponseType":"ON","Type":"None"}},"Language":[],"DataVisibility":{"Private":false,"Hidden":false},"Configuration":{"QuestionDescriptionOption":"UseText"},"NextChoiceId":5,"NextAnswerId":1}},{"SurveyID":"SV_8doSCOwaH613QQS","Element":"SQ","PrimaryAttribute":"QID6","SecondaryAttribute":"When using AI assistants, how often do you try the same task on more than one AI assistant?","TertiaryAttribute":null,"Payload":{"QuestionText":"When using AI assistants, how often do you try the same task on more than one AI assistant?\n","DataExportTag":"multihoming_frequency","QuestionID":"QID6","QuestionType":"MC","Selector":"SAVR","SubSelector":"TX","QuestionDescription":"When using AI assistants, how often do you try the same task on more than one AI assistant?","Choices":{"1":{"Display":"Never"},"2":{"Display":"Rarely"},"3":{"Display":"Sometimes"},"4":{"Display":"Often"},"5":{"Display":"Always"}},"ChoiceOrder":["1","2","3","4","5"],"Validation":{"Settings":{"ForceResponse":"ON","ForceResponseType":"ON","Type":"None"}},"Language":[],"DataVisibility":{"Private":false,"Hidden":false},"Configuration":{"QuestionDescriptionOption":"UseText"},"NextChoiceId":6,"NextAnswerId":1}},{"SurveyID":"SV_8doSCOwaH613QQS","Element":"SQ","PrimaryAttribute":"QID7","SecondaryAttribute":"In your own words, why do you sometimes use more than one AI assistant? What differences have you...","TertiaryAttribute":null,"Payload":{"QuestionText":"In your own words, why do you sometimes use more than one AI assistant? What differences have you noticed between AI assistants? For example, what does each one do better or worse?\n\n\n","DataExportTag":"why_multihome","QuestionID":"QID7","QuestionType":"TE","Selector":"ESTB","QuestionDescription":"In your own words, why do you sometimes use more than one AI assistant? What differences have you...","Validation":{"Settings":{"ForceResponse":"ON","ForceResponseType":"ON","Type":"None"}},"Language":[],"SearchSource":{"AllowFreeResponse":"false"},"DataVisibility":{"Private":false,"Hidden":false},"Configuration":{"QuestionDescriptionOption":"UseText"},"DisplayLogic":{"0":{"0":{"ChoiceLocator":"q:\/\/QID2\/SelectedChoicesCount","Description":"<span class=\"ConjDesc\">If<\/span> <span class=\"QuestionDesc\">In the past 30 days, which of the following AI assistants have you used for personal (non-work) p...<\/span> <span class=\"LeftOpDesc\">q:\/\/QID2\/SelectedChoicesCount<\/span> <span class=\"OpDesc\">Is Greater Than or Equal to<\/span> <span class=\"RightOpDesc\"> 2 <\/span>","LeftOperand":"q:\/\/QID2\/SelectedChoicesCount","LogicType":"Question","Operator":"GreaterThanOrEqual","QuestionID":"QID2","QuestionIDFromLocator":"QID2","QuestionIsInLoop":"no","RightOperand":"2","Type":"Expression"},"Type":"If"},"Type":"BooleanExpression","inPage":false},"NextChoiceId":1,"NextAnswerId":1}},{"SurveyID":"SV_8doSCOwaH613QQS","Element":"SQ","PrimaryAttribute":"QID8","SecondaryAttribute":"In your own words, why do you stick with one AI assistant? If you have tried others, why did you...","TertiaryAttribute":null,"Payload":{"QuestionText":"In your own words, why do you stick with one AI assistant? If you have tried others, why did you stop using them?\n\n\n","DataExportTag":"why_singlehome","QuestionID":"QID8","QuestionType":"TE","Selector":"ESTB","QuestionDescription":"In your own words, why do you stick with one AI assistant? If you have tried others, why did you...","Validation":{"Settings":{"ForceResponse":"ON","ForceResponseType":"ON","Type":"None"}},"Language":[],"SearchSource":{"AllowFreeResponse":"false"},"DataVisibility":{"Private":false,"Hidden":false},"Configuration":{"QuestionDescriptionOption":"UseText"},"DisplayLogic":{"0":{"0":{"ChoiceLocator":"q:\/\/QID2\/SelectedChoicesCount","Description":"<span class=\"ConjDesc\">If<\/span> <span class=\"QuestionDesc\">In the past 30 days, which of the following AI assistants have you used for personal (non-work) p...<\/span> <span class=\"LeftOpDesc\">q:\/\/QID2\/SelectedChoicesCount<\/span> <span class=\"OpDesc\">Is Equal to<\/span> <span class=\"RightOpDesc\"> 1 <\/span>","LeftOperand":"q:\/\/QID2\/SelectedChoicesCount","LogicType":"Question","Operator":"EqualTo","QuestionID":"QID2","QuestionIDFromLocator":"QID2","QuestionIsInLoop":"no","RightOperand":"1","Type":"Expression"},"Type":"If"},"Type":"BooleanExpression","inPage":false},"NextChoiceId":1,"NextAnswerId":1}},{"SurveyID":"SV_8doSCOwaH613QQS","Element":"SQ","PrimaryAttribute":"QID9","SecondaryAttribute":"Does your primary AI assistant \"remember\" things about you from previous conversations?","TertiaryAttribute":null,"Payload":{"QuestionText":"Does your primary AI assistant \"remember\" things about you from previous conversations?\n","DataExportTag":"ai_remembers","QuestionID":"QID9","QuestionType":"MC","Selector":"SAVR","SubSelector":"TX","QuestionDescription":"Does your primary AI assistant \"remember\" things about you from previous conversations?","Choices":{"1":{"Display":"Yes"},"2":{"Display":"No"},"3":{"Display":"I'm not sure"}},"ChoiceOrder":["1","2","3"],"Validation":{"Settings":{"ForceResponse":"ON","ForceResponseType":"ON","Type":"None"}},"Language":[],"DataVisibility":{"Private":false,"Hidden":false},"Configuration":{"QuestionDescriptionOption":"UseText"},"NextChoiceId":4,"NextAnswerId":1}},{"SurveyID":"SV_8doSCOwaH613QQS","Element":"STAT","PrimaryAttribute":"Survey Statistics","SecondaryAttribute":null,"TertiaryAttribute":null,"Payload":{"MobileCompatible":true,"ID":"Survey Statistics"}}]}